// !$*UTF8*$!
{
	archiveVersion = 1;
	classes = {
	};
	objectVersion = 46;
	objects = {

/* Begin PBXBuildFile section */
		D7FD2B811C59AB220028F4FF /* main.m in Sources */ = {isa = PBXBuildFile; fileRef = D7FD2B801C59AB220028F4FF /* main.m */; };
		D7FD2B841C59AB220028F4FF /* AppDelegate.m in Sources */ = {isa = PBXBuildFile; fileRef = D7FD2B831C59AB220028F4FF /* AppDelegate.m */; };
		D7FD2B871C59AB220028F4FF /* ViewController.m in Sources */ = {isa = PBXBuildFile; fileRef = D7FD2B861C59AB220028F4FF /* ViewController.m */; };
		D7FD2B8A1C59AB220028F4FF /* Main.storyboard in Resources */ = {isa = PBXBuildFile; fileRef = D7FD2B881C59AB220028F4FF /* Main.storyboard */; };
		D7FD2B8C1C59AB220028F4FF /* Images.xcassets in Resources */ = {isa = PBXBuildFile; fileRef = D7FD2B8B1C59AB220028F4FF /* Images.xcassets */; };
		D7FD2B8F1C59AB220028F4FF /* LaunchScreen.xib in Resources */ = {isa = PBXBuildFile; fileRef = D7FD2B8D1C59AB220028F4FF /* LaunchScreen.xib */; };
		D7FD2B9B1C59AB220028F4FF /* ______Tests.m in Sources */ = {isa = PBXBuildFile; fileRef = D7FD2B9A1C59AB220028F4FF /* ______Tests.m */; };
/* End PBXBuildFile section */

/* Begin PBXContainerItemProxy section */
		D7FD2B951C59AB220028F4FF /* PBXContainerItemProxy */ = {
			isa = PBXContainerItemProxy;
			containerPortal = D7FD2B731C59AB220028F4FF /* Project object */;
			proxyType = 1;
			remoteGlobalIDString = D7FD2B7A1C59AB220028F4FF;
			remoteInfo = "1-断点续传";
		};
/* End PBXContainerItemProxy section */

/* Begin PBXFileReference section */
		D7FD2B7B1C59AB220028F4FF /* 1-断点续传.app */ = {isa = PBXFileReference; explicitFileType = wrapper.application; includeInIndex = 0; path = "1-断点续传.app"; sourceTree = BUILT_PRODUCTS_DIR; };
		D7FD2B7F1C59AB220028F4FF /* Info.plist */ = {isa = PBXFileReference; lastKnownFileType = text.plist.xml; path = Info.plist; sourceTree = "<group>"; };
		D7FD2B801C59AB220028F4FF /* main.m */ = {isa = PBXFileReference; lastKnownFileType = sourcecode.c.objc; path = main.m; sourceTree = "<group>"; };
		D7FD2B821C59AB220028F4FF /* AppDelegate.h */ = {isa = PBXFileReference; lastKnownFileType = sourcecode.c.h; path = AppDelegate.h; sourceTree = "<group>"; };
		D7FD2B831C59AB220028F4FF /* AppDelegate.m */ = {isa = PBXFileReference; lastKnownFileType = sourcecode.c.objc; path = AppDelegate.m; sourceTree = "<group>"; };
		D7FD2B851C59AB220028F4FF /* ViewController.h */ = {isa = PBXFileReference; lastKnownFileType = sourcecode.c.h; path = ViewController.h; sourceTree = "<group>"; };
		D7FD2B861C59AB220028F4FF /* ViewController.m */ = {isa = PBXFileReference; lastKnownFileType = sourcecode.c.objc; path = ViewController.m; sourceTree = "<group>"; };
		D7FD2B891C59AB220028F4FF /* Base */ = {isa = PBXFileReference; lastKnownFileType = file.storyboard; name = Base; path = Base.lproj/Main.storyboard; sourceTree = "<group>"; };
		D7FD2B8B1C59AB220028F4FF /* Images.xcassets */ = {isa = PBXFileReference; lastKnownFileType = folder.assetcatalog; path = Images.xcassets; sourceTree = "<group>"; };
		D7FD2B8E1C59AB220028F4FF /* Base */ = {isa = PBXFileReference; lastKnownFileType = file.xib; name = Base; path = Base.lproj/LaunchScreen.xib; sourceTree = "<group>"; };
		D7FD2B941C59AB220028F4FF /* 1-断点续传Tests.xctest */ = {isa = PBXFileReference; explicitFileType = wrapper.cfbundle; includeInIndex = 0; path = "1-断点续传Tests.xctest"; sourceTree = BUILT_PRODUCTS_DIR; };
		D7FD2B991C59AB220028F4FF /* Info.plist */ = {isa = PBXFileReference; lastKnownFileType = text.plist.xml; path = Info.plist; sourceTree = "<group>"; };
		D7FD2B9A1C59AB220028F4FF /* ______Tests.m */ = {isa = PBXFileReference; lastKnownFileType = sourcecode.c.objc; path = "______Tests.m"; sourceTree = "<group>"; };
/* End PBXFileReference section */

/* Begin PBXFrameworksBuildPhase section */
		D7FD2B781C59AB220028F4FF /* Frameworks */ = {
			isa = PBXFrameworksBuildPhase;
			buildActionMask = 2147483647;
			files = (
			);
			runOnlyForDeploymentPostprocessing = 0;
		};
		D7FD2B911C59AB220028F4FF /* Frameworks */ = {
			isa = PBXFrameworksBuildPhase;
			buildActionMask = 2147483647;
			files = (
			);
			runOnlyForDeploymentPostprocessing = 0;
		};
/* End PBXFrameworksBuildPhase section */

/* Begin PBXGroup section */
		D7FD2B721C59AB220028F4FF = {
			isa = PBXGroup;
			children = (
				D7FD2B7D1C59AB220028F4FF /* 1-断点续传 */,
				D7FD2B971C59AB220028F4FF /* 1-断点续传Tests */,
				D7FD2B7C1C59AB220028F4FF /* Products */,
			);
			sourceTree = "<group>";
		};
		D7FD2B7C1C59AB220028F4FF /* Products */ = {
			isa = PBXGroup;
			children = (
				D7FD2B7B1C59AB220028F4FF /* 1-断点续传.app */,
				D7FD2B941C59AB220028F4FF /* 1-断点续传Tests.xctest */,
			);
			name = Products;
			sourceTree = "<group>";
		};
		D7FD2B7D1C59AB220028F4FF /* 1-断点续传 */ = {
			isa = PBXGroup;
			children = (
				D7FD2B821C59AB220028F4FF /* AppDelegate.h */,
				D7FD2B831C59AB220028F4FF /* AppDelegate.m */,
				D7FD2B851C59AB220028F4FF /* ViewController.h */,
				D7FD2B861C59AB220028F4FF /* ViewController.m */,
				D7FD2B881C59AB220028F4FF /* Main.storyboard */,
				D7FD2B8B1C59AB220028F4FF /* Images.xcassets */,
				D7FD2B8D1C59AB220028F4FF /* LaunchScreen.xib */,
				D7FD2B7E1C59AB220028F4FF /* Supporting Files */,
			);
			path = "1-断点续传";
			sourceTree = "<group>";
		};
		D7FD2B7E1C59AB220028F4FF /* Supporting Files */ = {
			isa = PBXGroup;
			children = (
				D7FD2B7F1C59AB220028F4FF /* Info.plist */,
				D7FD2B801C59AB220028F4FF /* main.m */,
			);
			name = "Supporting Files";
			sourceTree = "<group>";
		};
		D7FD2B971C59AB220028F4FF /* 1-断点续传Tests */ = {
			isa = PBXGroup;
			children = (
				D7FD2B9A1C59AB220028F4FF /* ______Tests.m */,
				D7FD2B981C59AB220028F4FF /* Supporting Files */,
			);
			path = "1-断点续传Tests";
			sourceTree = "<group>";
		};
		D7FD2B981C59AB220028F4FF /* Supporting Files */ = {
			isa = PBXGroup;
			children = (
				D7FD2B991C59AB220028F4FF /* Info.plist */,
			);
			name = "Supporting Files";
			sourceTree = "<group>";
		};
/* End PBXGroup section */

/* Begin PBXNativeTarget section */
		D7FD2B7A1C59AB220028F4FF /* 1-断点续传 */ = {
			isa = PBXNativeTarget;
			buildConfigurationList = D7FD2B9E1C59AB220028F4FF /* Build configuration list for PBXNativeTarget "1-断点续传" */;
			buildPhases = (
				D7FD2B771C59AB220028F4FF /* Sources */,
				D7FD2B781C59AB220028F4FF /* Frameworks */,
				D7FD2B791C59AB220028F4FF /* Resources */,
			);
			buildRules = (
			);
			dependencies = (
			);
			name = "1-断点续传";
			productName = "1-断点续传";
			productReference = D7FD2B7B1C59AB220028F4FF /* 1-断点续传.app */;
			productType = "com.apple.product-type.application";
		};
		D7FD2B931C59AB220028F4FF /* 1-断点续传Tests */ = {
			isa = PBXNativeTarget;
			buildConfigurationList = D7FD2BA11C59AB220028F4FF /* Build configuration list for PBXNativeTarget "1-断点续传Tests" */;
			buildPhases = (
				D7FD2B901C59AB220028F4FF /* Sources */,
				D7FD2B911C59AB220028F4FF /* Frameworks */,
				D7FD2B921C59AB220028F4FF /* Resources */,
			);
			buildRules = (
			);
			dependencies = (
				D7FD2B961C59AB220028F4FF /* PBXTargetDependency */,
			);
			name = "1-断点续传Tests";
			productName = "1-断点续传Tests";
			productReference = D7FD2B941C59AB220028F4FF /* 1-断点续传Tests.xctest */;
			productType = "com.apple.product-type.bundle.unit-test";
		};
/* End PBXNativeTarget section */

/* Begin PBXProject section */
		D7FD2B731C59AB220028F4FF /* Project object */ = {
			isa = PBXProject;
			attributes = {
				LastUpgradeCheck = 0640;
				ORGANIZATIONNAME = lgh;
				TargetAttributes = {
					D7FD2B7A1C59AB220028F4FF = {
						CreatedOnToolsVersion = 6.4;
					};
					D7FD2B931C59AB220028F4FF = {
						CreatedOnToolsVersion = 6.4;
						TestTargetID = D7FD2B7A1C59AB220028F4FF;
					};
				};
			};
			buildConfigurationList = D7FD2B761C59AB220028F4FF /* Build configuration list for PBXProject "1-断点续传" */;
			compatibilityVersion = "Xcode 3.2";
			developmentRegion = English;
			hasScannedForEncodings = 0;
			knownRegions = (
				en,
				Base,
			);
			mainGroup = D7FD2B721C59AB220028F4FF;
			productRefGroup = D7FD2B7C1C59AB220028F4FF /* Products */;
			projectDirPath = "";
			projectRoot = "";
			targets = (
				D7FD2B7A1C59AB220028F4FF /* 1-断点续传 */,
				D7FD2B931C59AB220028F4FF /* 1-断点续传Tests */,
			);
		};
/* End PBXProject section */

/* Begin PBXResourcesBuildPhase section */
		D7FD2B791C59AB220028F4FF /* Resources */ = {
			isa = PBXResourcesBuildPhase;
			buildActionMask = 2147483647;
			files = (
				D7FD2B8A1C59AB220028F4FF /* Main.storyboard in Resources */,
				D7FD2B8F1C59AB220028F4FF /* LaunchScreen.xib in Resources */,
				D7FD2B8C1C59AB220028F4FF /* Images.xcassets in Resources */,
			);
			runOnlyForDeploymentPostprocessing = 0;
		};
		D7FD2B921C59AB220028F4FF /* Resources */ = {
			isa = PBXResourcesBuildPhase;
			buildActionMask = 2147483647;
			files = (
			);
			runOnlyForDeploymentPostprocessing = 0;
		};
/* End PBXResourcesBuildPhase section */

/* Begin PBXSourcesBuildPhase section */
		D7FD2B771C59AB220028F4FF /* Sources */ = {
			isa = PBXSourcesBuildPhase;
			buildActionMask = 2147483647;
			files = (
				D7FD2B871C59AB220028F4FF /* ViewController.m in Sources */,
				D7FD2B841C59AB220028F4FF /* AppDelegate.m in Sources */,
				D7FD2B811C59AB220028F4FF /* main.m in Sources */,
			);
			runOnlyForDeploymentPostprocessing = 0;
		};
		D7FD2B901C59AB220028F4FF /* Sources */ = {
			isa = PBXSourcesBuildPhase;
			buildActionMask = 2147483647;
			files = (
				D7FD2B9B1C59AB220028F4FF /* ______Tests.m in Sources */,
			);
			runOnlyForDeploymentPostprocessing = 0;
		};
/* End PBXSourcesBuildPhase section */

/* Begin PBXTargetDependency section */
		D7FD2B961C59AB220028F4FF /* PBXTargetDependency */ = {
			isa = PBXTargetDependency;
			target = D7FD2B7A1C59AB220028F4FF /* 1-断点续传 */;
			targetProxy = D7FD2B951C59AB220028F4FF /* PBXContainerItemProxy */;
		};
/* End PBXTargetDependency section */

/* Begin PBXVariantGroup section */
		D7FD2B881C59AB220028F4FF /* Main.storyboard */ = {
			isa = PBXVariantGroup;
			children = (
				D7FD2B891C59AB220028F4FF /* Base */,
			);
			name = Main.storyboard;
			sourceTree = "<group>";
		};
		D7FD2B8D1C59AB220028F4FF /* LaunchScreen.xib */ = {
			isa = PBXVariantGroup;
			children = (
				D7FD2B8E1C59AB220028F4FF /* Base */,
			);
			name = LaunchScreen.xib;
			sourceTree = "<group>";
		};
/* End PBXVariantGroup section */

/* Begin XCBuildConfiguration section */
		D7FD2B9C1C59AB220028F4FF /* Debug */ = {
			isa = XCBuildConfiguration;
			buildSettings = {
				ALWAYS_SEARCH_USER_PATHS = NO;
				CLANG_CXX_LANGUAGE_STANDARD = "gnu++0x";
				CLANG_CXX_LIBRARY = "libc++";
				CLANG_ENABLE_MODULES = YES;
				CLANG_ENABLE_OBJC_ARC = YES;
				CLANG_WARN_BOOL_CONVERSION = YES;
				CLANG_WARN_CONSTANT_CONVERSION = YES;
				CLANG_WARN_DIRECT_OBJC_ISA_USAGE = YES_ERROR;
				CLANG_WARN_EMPTY_BODY = YES;
				CLANG_WARN_ENUM_CONVERSION = YES;
				CLANG_WARN_INT_CONVERSION = YES;
				CLANG_WARN_OBJC_ROOT_CLASS = YES_ERROR;
				CLANG_WARN_UNREACHABLE_CODE = YES;
				CLANG_WARN__DUPLICATE_METHOD_MATCH = YES;
				"CODE_SIGN_IDENTITY[sdk=iphoneos*]" = "iPhone Developer";
				COPY_PHASE_STRIP = NO;
				DEBUG_INFORMATION_FORMAT = "dwarf-with-dsym";
				ENABLE_STRICT_OBJC_MSGSEND = YES;
				GCC_C_LANGUAGE_STANDARD = gnu99;
				GCC_DYNAMIC_NO_PIC = NO;
				GCC_NO_COMMON_BLOCKS = YES;
				GCC_OPTIMIZATION_LEVEL = 0;
				GCC_PREPROCESSOR_DEFINITIONS = (
					"DEBUG=1",
					"$(inherited)",
				);
				GCC_SYMBOLS_PRIVATE_EXTERN = NO;
				GCC_WARN_64_TO_32_BIT_CONVERSION = YES;
				GCC_WARN_ABOUT_RETURN_TYPE = YES_ERROR;
				GCC_WARN_UNDECLARED_SELECTOR = YES;
				GCC_WARN_UNINITIALIZED_AUTOS = YES_AGGRESSIVE;
				GCC_WARN_UNUSED_FUNCTION = YES;
				GCC_WARN_UNUSED_VARIABLE = YES;
				IPHONEOS_DEPLOYMENT_TARGET = 8.4;
				MTL_ENABLE_DEBUG_INFO = YES;
				ONLY_ACTIVE_ARCH = YES;
				SDKROOT = iphoneos;
			};
			name = Debug;
		};
		D7FD2B9D1C59AB220028F4FF /* Release */ = {
			isa = XCBuildConfiguration;
			buildSettings = {
				ALWAYS_SEARCH_USER_PATHS = NO;
				CLANG_CXX_LANGUAGE_STANDARD = "gnu++0x";
				CLANG_CXX_LIBRARY = "libc++";
				CLANG_ENABLE_MODULES = YES;
				CLANG_ENABLE_OBJC_ARC = YES;
				CLANG_WARN_BOOL_CONVERSION = YES;
				CLANG_WARN_CONSTANT_CONVERSION = YES;
				CLANG_WARN_DIRECT_OBJC_ISA_USAGE = YES_ERROR;
				CLANG_WARN_EMPTY_BODY = YES;
				CLANG_WARN_ENUM_CONVERSION = YES;
				CLANG_WARN_INT_CONVERSION = YES;
				CLANG_WARN_OBJC_ROOT_CLASS = YES_ERROR;
				CLANG_WARN_UNREACHABLE_CODE = YES;
				CLANG_WARN__DUPLICATE_METHOD_MATCH = YES;
				"CODE_SIGN_IDENTITY[sdk=iphoneos*]" = "iPhone Developer";
				COPY_PHASE_STRIP = NO;
				DEBUG_INFORMATION_FORMAT = "dwarf-with-dsym";
				ENABLE_NS_ASSERTIONS = NO;
				ENABLE_STRICT_OBJC_MSGSEND = YES;
				GCC_C_LANGUAGE_STANDARD = gnu99;
				GCC_NO_COMMON_BLOCKS = YES;
				GCC_WARN_64_TO_32_BIT_CONVERSION = YES;
				GCC_WARN_ABOUT_RETURN_TYPE = YES_ERROR;
				GCC_WARN_UNDECLARED_SELECTOR = YES;
				GCC_WARN_UNINITIALIZED_AUTOS = YES_AGGRESSIVE;
				GCC_WARN_UNUSED_FUNCTION = YES;
				GCC_WARN_UNUSED_VARIABLE = YES;
				IPHONEOS_DEPLOYMENT_TARGET = 8.4;
				MTL_ENABLE_DEBUG_INFO = NO;
				SDKROOT = iphoneos;
				VALIDATE_PRODUCT = YES;
			};
			name = Release;
		};
		D7FD2B9F1C59AB220028F4FF /* Debug */ = {
			isa = XCBuildConfiguration;
			buildSettings = {
				ASSETCATALOG_COMPILER_APPICON_NAME = AppIcon;
				INFOPLIST_FILE = "1-断点续传/Info.plist";
				LD_RUNPATH_SEARCH_PATHS = "$(inherited) @executable_path/Frameworks";
				PRODUCT_NAME = "$(TARGET_NAME)";
			};
			name = Debug;
		};
		D7FD2BA01C59AB220028F4FF /* Release */ = {
			isa = XCBuildConfiguration;
			buildSettings = {
				ASSETCATALOG_COMPILER_APPICON_NAME = AppIcon;
				INFOPLIST_FILE = "1-断点续传/Info.plist";
				LD_RUNPATH_SEARCH_PATHS = "$(inherited) @executable_path/Frameworks";
				PRODUCT_NAME = "$(TARGET_NAME)";
			};
			name = Release;
		};
		D7FD2BA21C59AB220028F4FF /* Debug */ = {
			isa = XCBuildConfiguration;
			buildSettings = {
				BUNDLE_LOADER = "$(TEST_HOST)";
				FRAMEWORK_SEARCH_PATHS = (
					"$(SDKROOT)/Developer/Library/Frameworks",
					"$(inherited)",
				);
				GCC_PREPROCESSOR_DEFINITIONS = (
					"DEBUG=1",
					"$(inherited)",
				);
				INFOPLIST_FILE = "1-断点续传Tests/Info.plist";
				LD_RUNPATH_SEARCH_PATHS = "$(inherited) @executable_path/Frameworks @loader_path/Frameworks";
				PRODUCT_NAME = "$(TARGET_NAME)";
				TEST_HOST = "$(BUILT_PRODUCTS_DIR)/1-断点续传.app/1-断点续传";
			};
			name = Debug;
		};
		D7FD2BA31C59AB220028F4FF /* Release */ = {
			isa = XCBuildConfiguration;
			buildSettings = {
				BUNDLE_LOADER = "$(TEST_HOST)";
				FRAMEWORK_SEARCH_PATHS = (
					"$(SDKROOT)/Developer/Library/Frameworks",
					"$(inherited)",
				);
				INFOPLIST_FILE = "1-断点续传Tests/Info.plist";
				LD_RUNPATH_SEARCH_PATHS = "$(inherited) @executable_path/Frameworks @loader_path/Frameworks";
				PRODUCT_NAME = "$(TARGET_NAME)";
				TEST_HOST = "$(BUILT_PRODUCTS_DIR)/1-断点续传.app/1-断点续传";
			};
			name = Release;
		};
/* End XCBuildConfiguration section */

/* Begin XCConfigurationList section */
		D7FD2B761C59AB220028F4FF /* Build configuration list for PBXProject "1-断点续传" */ = {
			isa = XCConfigurationList;
			buildConfigurations = (
				D7FD2B9C1C59AB220028F4FF /* Debug */,
				D7FD2B9D1C59AB220028F4FF /* Release */,
			);
			defaultConfigurationIsVisible = 0;
			defaultConfigurationName = Release;
		};
		D7FD2B9E1C59AB220028F4FF /* Build configuration list for PBXNativeTarget "1-断点续传" */ = {
			isa = XCConfigurationList;
			buildConfigurations = (
				D7FD2B9F1C59AB220028F4FF /* Debug */,
				D7FD2BA01C59AB220028F4FF /* Release */,
			);
			defaultConfigurationIsVisible = 0;
		};
		D7FD2BA11C59AB220028F4FF /* Build configuration list for PBXNativeTarget "1-断点续传Tests" */ = {
			isa = XCConfigurationList;
			buildConfigurations = (
				D7FD2BA21C59AB220028F4FF /* Debug */,
				D7FD2BA31C59AB220028F4FF /* Release */,
			);
			defaultConfigurationIsVisible = 0;
		};
/* End XCConfigurationList section */
	};
	rootObject = D7FD2B731C59AB220028F4FF /* Project object */;
}
